{
    "_meta": {
        "hash": {
            "sha256": "365919b2916d98699a7180044a839908a313e75695c619ca4e3ec5f2f44e202f"
        },
        "pipfile-spec": 6,
        "requires": {
            "python_version": "3.6"
        },
        "sources": [
            {
                "name": "pypi",
                "url": "https://pypi.org/simple",
                "verify_ssl": true
            }
        ]
    },
    "default": {
        "django": {
            "hashes": [
                "sha256:b7f77c0d168de4c4ad30a02ae31b9dca04fb3c10472f04918d5c02b4117bba68",
                "sha256:eb9271f0874f53106a2719c0c35ce67631f6cc27cf81a60c6f8c9817b35a3f6e"
            ],
            "index": "pypi",
            "version": "==1.11.14"
        },
        "pytz": {
            "hashes": [
                "sha256:32b0891edff07e28efe91284ed9c31e123d84bea3fd98e1f72be2508f43ef8d9",
                "sha256:d5f05e487007e29e03409f9398d074e158d920d36eb82eaf66fb1136b0c5374c"
            ],
            "version": "==2018.9"
        }
    },
    "develop": {}
}
